Microsoft Visual Studio Solution File, Format Version 12.00
# Visual Studio Version 17
VisualStudioVersion = 17.5.2.0
MinimumVisualStudioVersion = 10.0.40219.1
Project("{FAE04EC0-301F-11D3-BF4B-00C04F79EFBC}") = "rtgg-data-console", "rtgg-data-console.csproj", "{ECED6016-CA8D-69EC-DD4E-1780F6A864F1}"
EndProject
Global
	GlobalSection(SolutionConfigurationPlatforms) = preSolution
		Debug|Any CPU = Debug|Any CPU
		Release|Any CPU = Release|Any CPU
	EndGlobalSection
	GlobalSection(ProjectConfigurationPlatforms) = postSolution
		{ECED6016-CA8D-69EC-DD4E-1780F6A864F1}.Debug|Any CPU.ActiveCfg = Debug|Any CPU
		{ECED6016-CA8D-69EC-DD4E-1780F6A864F1}.Debug|Any CPU.Build.0 = Debug|Any CPU
		{ECED6016-CA8D-69EC-DD4E-1780F6A864F1}.Release|Any CPU.ActiveCfg = Release|Any CPU
		{ECED6016-CA8D-69EC-DD4E-1780F6A864F1}.Release|Any CPU.Build.0 = Release|Any CPU
	EndGlobalSection
	GlobalSection(SolutionProperties) = preSolution
		HideSolutionNode = FALSE
	EndGlobalSection
	GlobalSection(ExtensibilityGlobals) = postSolution
		SolutionGuid = {FC3628E3-D4AC-4A51-82F5-E3F54E922F61}
	EndGlobalSection
EndGlobal
